
Microsoft Visual Studio Solution File, Format Version 12.00
# Visual Studio Version 17
VisualStudioVersion = 17.6.33723.286
MinimumVisualStudioVersion = 10.0.40219.1
Project("{9A19103F-16F7-4668-BE54-9A1E7A4F7556}") = "Flota", "Flota\Flota.csproj", "{624052B5-EF46-49AB-A6AD-361F5F49344E}"
EndProject
Project("{9A19103F-16F7-4668-BE54-9A1E7A4F7556}") = "Poljoprivreda", "Poljoprivreda\Poljoprivreda.csproj", "{D8007B2A-52A8-4587-9CAC-C409AC19EA4F}"
EndProject
Global
	GlobalSection(SolutionConfigurationPlatforms) = preSolution
		Debug|Any CPU = Debug|Any CPU
		Release|Any CPU = Release|Any CPU
	EndGlobalSection
	GlobalSection(ProjectConfigurationPlatforms) = postSolution
		{624052B5-EF46-49AB-A6AD-361F5F49344E}.Debug|Any CPU.ActiveCfg = Debug|Any CPU
		{624052B5-EF46-49AB-A6AD-361F5F49344E}.Debug|Any CPU.Build.0 = Debug|Any CPU
		{624052B5-EF46-49AB-A6AD-361F5F49344E}.Release|Any CPU.ActiveCfg = Release|Any CPU
		{624052B5-EF46-49AB-A6AD-361F5F49344E}.Release|Any CPU.Build.0 = Release|Any CPU
		{D8007B2A-52A8-4587-9CAC-C409AC19EA4F}.Debug|Any CPU.ActiveCfg = Debug|Any CPU
		{D8007B2A-52A8-4587-9CAC-C409AC19EA4F}.Debug|Any CPU.Build.0 = Debug|Any CPU
		{D8007B2A-52A8-4587-9CAC-C409AC19EA4F}.Release|Any CPU.ActiveCfg = Release|Any CPU
		{D8007B2A-52A8-4587-9CAC-C409AC19EA4F}.Release|Any CPU.Build.0 = Release|Any CPU
	EndGlobalSection
	GlobalSection(SolutionProperties) = preSolution
		HideSolutionNode = FALSE
	EndGlobalSection
	GlobalSection(ExtensibilityGlobals) = postSolution
		SolutionGuid = {94E2B81B-7221-40BB-B1D7-7851A18050B5}
	EndGlobalSection
EndGlobal
